{
  "version": 4,
  "terraform_version": "1.14.7",
  "serial": 11,
  "lineage": "22d4868e-c89f-fde8-29f0-1ef146ddb830",
  "outputs": {},
  "resources": [
    {
      "module": "module.pip",
      "mode": "managed",
      "type": "azurerm_public_ip",
      "name": "pip",
      "provider": "provider[\"registry.terraform.io/hashicorp/azurerm\"]",
      "instances": [
        {
          "index_key": "pip1",
          "schema_version": 0,
          "attributes": {
            "allocation_method": "Static",
            "ddos_protection_mode": "VirtualNetworkInherited",
            "ddos_protection_plan_id": null,
            "domain_name_label": "",
            "domain_name_label_scope": "",
            "edge_zone": "",
            "fqdn": "",
            "id": "/subscriptions/784dcbe8-46d9-4a47-be0e-70450bcf37c4/resourceGroups/rg-preproduction/providers/Microsoft.Network/publicIPAddresses/frontend_publicip_vm",
            "idle_timeout_in_minutes": 4,
            "ip_address": "104.211.118.145",
            "ip_tags": null,
            "ip_version": "IPv4",
            "location": "centralindia",
            "name": "frontend_publicip_vm",
            "public_ip_prefix_id": null,
            "resource_group_name": "rg-preproduction",
            "reverse_fqdn": "",
            "sku": "Standard",
            "sku_tier": "Regional",
            "tags": null,
            "timeouts": null,
            "zones": null
          },
          "sensitive_attributes": [],
          "identity_schema_version": 0,
          "identity": {
            "name": "frontend_publicip_vm",
            "resource_group_name": "rg-preproduction",
            "subscription_id": "784dcbe8-46d9-4a47-be0e-70450bcf37c4"
          },
          "private": "eyJlMmJmYjczMC1lY2FhLTExZTYtOGY4OC0zNDM2M2JjN2M0YzAiOnsiY3JlYXRlIjoxODAwMDAwMDAwMDAwLCJkZWxldGUiOjE4MDAwMDAwMDAwMDAsInJlYWQiOjMwMDAwMDAwMDAwMCwidXBkYXRlIjoxODAwMDAwMDAwMDAwfX0=",
          "dependencies": [
            "module.rg.azurerm_resource_group.az-rg"
          ]
        },
        {
          "index_key": "pips",
          "schema_version": 0,
          "attributes": {
            "allocation_method": "Static",
            "ddos_protection_mode": "VirtualNetworkInherited",
            "ddos_protection_plan_id": null,
            "domain_name_label": "",
            "domain_name_label_scope": "",
            "edge_zone": "",
            "fqdn": "",
            "id": "/subscriptions/784dcbe8-46d9-4a47-be0e-70450bcf37c4/resourceGroups/rg-preproduction/providers/Microsoft.Network/publicIPAddresses/backend_publicip_vm",
            "idle_timeout_in_minutes": 4,
            "ip_address": "20.204.64.210",
            "ip_tags": null,
            "ip_version": "IPv4",
            "location": "centralindia",
            "name": "backend_publicip_vm",
            "public_ip_prefix_id": null,
            "resource_group_name": "rg-preproduction",
            "reverse_fqdn": "",
            "sku": "Standard",
            "sku_tier": "Regional",
            "tags": null,
            "timeouts": null,
            "zones": null
          },
          "sensitive_attributes": [],
          "identity_schema_version": 0,
          "identity": {
            "name": "backend_publicip_vm",
            "resource_group_name": "rg-preproduction",
            "subscription_id": "784dcbe8-46d9-4a47-be0e-70450bcf37c4"
          },
          "private": "eyJlMmJmYjczMC1lY2FhLTExZTYtOGY4OC0zNDM2M2JjN2M0YzAiOnsiY3JlYXRlIjoxODAwMDAwMDAwMDAwLCJkZWxldGUiOjE4MDAwMDAwMDAwMDAsInJlYWQiOjMwMDAwMDAwMDAwMCwidXBkYXRlIjoxODAwMDAwMDAwMDAwfX0=",
          "dependencies": [
            "module.rg.azurerm_resource_group.az-rg"
          ]
        }
      ]
    },
    {
      "module": "module.rg",
      "mode": "managed",
      "type": "azurerm_resource_group",
      "name": "az-rg",
      "provider": "provider[\"registry.terraform.io/hashicorp/azurerm\"]",
      "instances": [
        {
          "index_key": "rg1",
          "schema_version": 0,
          "attributes": {
            "id": "/subscriptions/784dcbe8-46d9-4a47-be0e-70450bcf37c4/resourceGroups/rg-preproduction",
            "location": "centralindia",
            "managed_by": "",
            "name": "rg-preproduction",
            "tags": null,
            "timeouts": null
          },
          "sensitive_attributes": [],
          "identity_schema_version": 0,
          "identity": {
            "name": "rg-preproduction",
            "subscription_id": "784dcbe8-46d9-4a47-be0e-70450bcf37c4"
          },
          "private": "eyJlMmJmYjczMC1lY2FhLTExZTYtOGY4OC0zNDM2M2JjN2M0YzAiOnsiY3JlYXRlIjo1NDAwMDAwMDAwMDAwLCJkZWxldGUiOjU0MDAwMDAwMDAwMDAsInJlYWQiOjMwMDAwMDAwMDAwMCwidXBkYXRlIjo1NDAwMDAwMDAwMDAwfX0="
        }
      ]
    },
    {
      "module": "module.subnet",
      "mode": "managed",
      "type": "azurerm_subnet",
      "name": "subnet",
      "provider": "provider[\"registry.terraform.io/hashicorp/azurerm\"]",
      "instances": [
        {
          "index_key": "sunets1",
          "schema_version": 0,
          "attributes": {
            "address_prefixes": [
              "10.0.1.0/24"
            ],
            "default_outbound_access_enabled": true,
            "delegation": [],
            "id": "/subscriptions/784dcbe8-46d9-4a47-be0e-70450bcf37c4/resourceGroups/rg-preproduction/providers/Microsoft.Network/virtualNetworks/virtualnetowrk/subnets/frontend-subnet",
            "ip_address_pool": [],
            "name": "frontend-subnet",
            "private_endpoint_network_policies": "Disabled",
            "private_link_service_network_policies_enabled": true,
            "resource_group_name": "rg-preproduction",
            "service_endpoint_policy_ids": null,
            "service_endpoints": null,
            "sharing_scope": "",
            "timeouts": null,
            "virtual_network_name": "virtualnetowrk"
          },
          "sensitive_attributes": [],
          "identity_schema_version": 0,
          "identity": {
            "name": "frontend-subnet",
            "resource_group_name": "rg-preproduction",
            "subscription_id": "784dcbe8-46d9-4a47-be0e-70450bcf37c4",
            "virtual_network_name": "virtualnetowrk"
          },
          "private": "eyJlMmJmYjczMC1lY2FhLTExZTYtOGY4OC0zNDM2M2JjN2M0YzAiOnsiY3JlYXRlIjoxODAwMDAwMDAwMDAwLCJkZWxldGUiOjE4MDAwMDAwMDAwMDAsInJlYWQiOjMwMDAwMDAwMDAwMCwidXBkYXRlIjoxODAwMDAwMDAwMDAwfX0=",
          "dependencies": [
            "module.rg.azurerm_resource_group.az-rg",
            "module.vnet.azurerm_virtual_network.vnet"
          ]
        },
        {
          "index_key": "sunets2",
          "schema_version": 0,
          "attributes": {
            "address_prefixes": [
              "10.0.2.0/24"
            ],
            "default_outbound_access_enabled": true,
            "delegation": [],
            "id": "/subscriptions/784dcbe8-46d9-4a47-be0e-70450bcf37c4/resourceGroups/rg-preproduction/providers/Microsoft.Network/virtualNetworks/virtualnetowrk/subnets/backend-subnet",
            "ip_address_pool": [],
            "name": "backend-subnet",
            "private_endpoint_network_policies": "Disabled",
            "private_link_service_network_policies_enabled": true,
            "resource_group_name": "rg-preproduction",
            "service_endpoint_policy_ids": null,
            "service_endpoints": null,
            "sharing_scope": "",
            "timeouts": null,
            "virtual_network_name": "virtualnetowrk"
          },
          "sensitive_attributes": [],
          "identity_schema_version": 0,
          "identity": {
            "name": "backend-subnet",
            "resource_group_name": "rg-preproduction",
            "subscription_id": "784dcbe8-46d9-4a47-be0e-70450bcf37c4",
            "virtual_network_name": "virtualnetowrk"
          },
          "private": "eyJlMmJmYjczMC1lY2FhLTExZTYtOGY4OC0zNDM2M2JjN2M0YzAiOnsiY3JlYXRlIjoxODAwMDAwMDAwMDAwLCJkZWxldGUiOjE4MDAwMDAwMDAwMDAsInJlYWQiOjMwMDAwMDAwMDAwMCwidXBkYXRlIjoxODAwMDAwMDAwMDAwfX0=",
          "dependencies": [
            "module.rg.azurerm_resource_group.az-rg",
            "module.vnet.azurerm_virtual_network.vnet"
          ]
        }
      ]
    },
    {
      "module": "module.vms",
      "mode": "data",
      "type": "azurerm_public_ip",
      "name": "public_ip",
      "provider": "provider[\"registry.terraform.io/hashicorp/azurerm\"]",
      "instances": []
    },
    {
      "module": "module.vms",
      "mode": "data",
      "type": "azurerm_subnet",
      "name": "subnet",
      "provider": "provider[\"registry.terraform.io/hashicorp/azurerm\"]",
      "instances": []
    },
    {
      "module": "module.vnet",
      "mode": "managed",
      "type": "azurerm_virtual_network",
      "name": "vnet",
      "provider": "provider[\"registry.terraform.io/hashicorp/azurerm\"]",
      "instances": [
        {
          "index_key": "vnet1",
          "schema_version": 0,
          "attributes": {
            "address_space": [
              "10.0.0.0/16"
            ],
            "bgp_community": "",
            "ddos_protection_plan": [],
            "dns_servers": [],
            "edge_zone": "",
            "encryption": [],
            "flow_timeout_in_minutes": 0,
            "guid": "c8891012-1911-40a9-9bf0-8634f15ef603",
            "id": "/subscriptions/784dcbe8-46d9-4a47-be0e-70450bcf37c4/resourceGroups/rg-preproduction/providers/Microsoft.Network/virtualNetworks/virtualnetowrk",
            "ip_address_pool": [],
            "location": "centralindia",
            "name": "virtualnetowrk",
            "private_endpoint_vnet_policies": "Disabled",
            "resource_group_name": "rg-preproduction",
            "subnet": [],
            "tags": null,
            "timeouts": null
          },
          "sensitive_attributes": [],
          "identity_schema_version": 0,
          "identity": {
            "name": "virtualnetowrk",
            "resource_group_name": "rg-preproduction",
            "subscription_id": "784dcbe8-46d9-4a47-be0e-70450bcf37c4"
          },
          "private": "eyJlMmJmYjczMC1lY2FhLTExZTYtOGY4OC0zNDM2M2JjN2M0YzAiOnsiY3JlYXRlIjoxODAwMDAwMDAwMDAwLCJkZWxldGUiOjE4MDAwMDAwMDAwMDAsInJlYWQiOjMwMDAwMDAwMDAwMCwidXBkYXRlIjoxODAwMDAwMDAwMDAwfX0=",
          "dependencies": [
            "module.rg.azurerm_resource_group.az-rg"
          ]
        }
      ]
    }
  ],
  "check_results": null
}
